// !$*UTF8*$!
{
	archiveVersion = 1;
	classes = {
	};
	objectVersion = 50;
	objects = {

/* Begin PBXBuildFile section */
		2CC543E324CFE30F007F2E39 /* LED Controller WatchKit App.app in Embed Watch Content */ = {isa = PBXBuildFile; fileRef = 2CC543E224CFE30F007F2E39 /* LED Controller WatchKit App.app */; settings = {ATTRIBUTES = (RemoveHeadersOnCopy, ); }; };
		2CC543E924CFE30F007F2E39 /* Interface.storyboard in Resources */ = {isa = PBXBuildFile; fileRef = 2CC543E724CFE30F007F2E39 /* Interface.storyboard */; };
		2CC543EB24CFE312007F2E39 /* Assets.xcassets in Resources */ = {isa = PBXBuildFile; fileRef = 2CC543EA24CFE312007F2E39 /* Assets.xcassets */; };
		2CC543F224CFE312007F2E39 /* LED Controller WatchKit Extension.appex in Embed App Extensions */ = {isa = PBXBuildFile; fileRef = 2CC543F124CFE312007F2E39 /* LED Controller WatchKit Extension.appex */; settings = {ATTRIBUTES = (RemoveHeadersOnCopy, ); }; };
		2CC543F724CFE312007F2E39 /* InterfaceController.swift in Sources */ = {isa = PBXBuildFile; fileRef = 2CC543F624CFE312007F2E39 /* InterfaceController.swift */; };
		2CC543F924CFE312007F2E39 /* ExtensionDelegate.swift in Sources */ = {isa = PBXBuildFile; fileRef = 2CC543F824CFE312007F2E39 /* ExtensionDelegate.swift */; };
		2CC543FB24CFE312007F2E39 /* NotificationController.swift in Sources */ = {isa = PBXBuildFile; fileRef = 2CC543FA24CFE312007F2E39 /* NotificationController.swift */; };
		2CC543FD24CFE313007F2E39 /* Assets.xcassets in Resources */ = {isa = PBXBuildFile; fileRef = 2CC543FC24CFE313007F2E39 /* Assets.xcassets */; };
/* End PBXBuildFile section */

/* Begin PBXContainerItemProxy section */
		2CC543E424CFE30F007F2E39 /* PBXContainerItemProxy */ = {
			isa = PBXContainerItemProxy;
			containerPortal = 2CC543D824CFE30F007F2E39 /* Project object */;
			proxyType = 1;
			remoteGlobalIDString = 2CC543E124CFE30F007F2E39;
			remoteInfo = "LED Controller WatchKit App";
		};
		2CC543F324CFE312007F2E39 /* PBXContainerItemProxy */ = {
			isa = PBXContainerItemProxy;
			containerPortal = 2CC543D824CFE30F007F2E39 /* Project object */;
			proxyType = 1;
			remoteGlobalIDString = 2CC543F024CFE312007F2E39;
			remoteInfo = "LED Controller WatchKit Extension";
		};
/* End PBXContainerItemProxy section */

/* Begin PBXCopyFilesBuildPhase section */
		2CC5440524CFE313007F2E39 /* Embed App Extensions */ = {
			isa = PBXCopyFilesBuildPhase;
			buildActionMask = 2147483647;
			dstPath = "";
			dstSubfolderSpec = 13;
			files = (
				2CC543F224CFE312007F2E39 /* LED Controller WatchKit Extension.appex in Embed App Extensions */,
			);
			name = "Embed App Extensions";
			runOnlyForDeploymentPostprocessing = 0;
		};
		2CC5440924CFE313007F2E39 /* Embed Watch Content */ = {
			isa = PBXCopyFilesBuildPhase;
			buildActionMask = 2147483647;
			dstPath = "$(CONTENTS_FOLDER_PATH)/Watch";
			dstSubfolderSpec = 16;
			files = (
				2CC543E324CFE30F007F2E39 /* LED Controller WatchKit App.app in Embed Watch Content */,
			);
			name = "Embed Watch Content";
			runOnlyForDeploymentPostprocessing = 0;
		};
/* End PBXCopyFilesBuildPhase section */

/* Begin PBXFileReference section */
		2CC543DE24CFE30F007F2E39 /* LED Controller.app */ = {isa = PBXFileReference; explicitFileType = wrapper.application; includeInIndex = 0; path = "LED Controller.app"; sourceTree = BUILT_PRODUCTS_DIR; };
		2CC543E224CFE30F007F2E39 /* LED Controller WatchKit App.app */ = {isa = PBXFileReference; explicitFileType = wrapper.application; includeInIndex = 0; path = "LED Controller WatchKit App.app"; sourceTree = BUILT_PRODUCTS_DIR; };
		2CC543E824CFE30F007F2E39 /* Base */ = {isa = PBXFileReference; lastKnownFileType = file.storyboard; name = Base; path = Base.lproj/Interface.storyboard; sourceTree = "<group>"; };
		2CC543EA24CFE312007F2E39 /* Assets.xcassets */ = {isa = PBXFileReference; lastKnownFileType = folder.assetcatalog; path = Assets.xcassets; sourceTree = "<group>"; };
		2CC543EC24CFE312007F2E39 /* Info.plist */ = {isa = PBXFileReference; lastKnownFileType = text.plist.xml; path = Info.plist; sourceTree = "<group>"; };
		2CC543F124CFE312007F2E39 /* LED Controller WatchKit Extension.appex */ = {isa = PBXFileReference; explicitFileType = "wrapper.app-extension"; includeInIndex = 0; path = "LED Controller WatchKit Extension.appex"; sourceTree = BUILT_PRODUCTS_DIR; };
		2CC543F624CFE312007F2E39 /* InterfaceController.swift */ = {isa = PBXFileReference; lastKnownFileType = sourcecode.swift; path = InterfaceController.swift; sourceTree = "<group>"; };
		2CC543F824CFE312007F2E39 /* ExtensionDelegate.swift */ = {isa = PBXFileReference; lastKnownFileType = sourcecode.swift; path = ExtensionDelegate.swift; sourceTree = "<group>"; };
		2CC543FA24CFE312007F2E39 /* NotificationController.swift */ = {isa = PBXFileReference; lastKnownFileType = sourcecode.swift; path = NotificationController.swift; sourceTree = "<group>"; };
		2CC543FC24CFE313007F2E39 /* Assets.xcassets */ = {isa = PBXFileReference; lastKnownFileType = folder.assetcatalog; path = Assets.xcassets; sourceTree = "<group>"; };
		2CC543FE24CFE313007F2E39 /* Info.plist */ = {isa = PBXFileReference; lastKnownFileType = text.plist.xml; path = Info.plist; sourceTree = "<group>"; };
		2CC543FF24CFE313007F2E39 /* PushNotificationPayload.apns */ = {isa = PBXFileReference; lastKnownFileType = text; path = PushNotificationPayload.apns; sourceTree = "<group>"; };
/* End PBXFileReference section */

/* Begin PBXFrameworksBuildPhase section */
		2CC543EE24CFE312007F2E39 /* Frameworks */ = {
			isa = PBXFrameworksBuildPhase;
			buildActionMask = 2147483647;
			files = (
			);
			runOnlyForDeploymentPostprocessing = 0;
		};
/* End PBXFrameworksBuildPhase section */

/* Begin PBXGroup section */
		2CC543D724CFE30F007F2E39 = {
			isa = PBXGroup;
			children = (
				2CC543E624CFE30F007F2E39 /* LED Controller WatchKit App */,
				2CC543F524CFE312007F2E39 /* LED Controller WatchKit Extension */,
				2CC543DF24CFE30F007F2E39 /* Products */,
			);
			sourceTree = "<group>";
		};
		2CC543DF24CFE30F007F2E39 /* Products */ = {
			isa = PBXGroup;
			children = (
				2CC543DE24CFE30F007F2E39 /* LED Controller.app */,
				2CC543E224CFE30F007F2E39 /* LED Controller WatchKit App.app */,
				2CC543F124CFE312007F2E39 /* LED Controller WatchKit Extension.appex */,
			);
			name = Products;
			sourceTree = "<group>";
		};
		2CC543E624CFE30F007F2E39 /* LED Controller WatchKit App */ = {
			isa = PBXGroup;
			children = (
				2CC543E724CFE30F007F2E39 /* Interface.storyboard */,
				2CC543EA24CFE312007F2E39 /* Assets.xcassets */,
				2CC543EC24CFE312007F2E39 /* Info.plist */,
			);
			path = "LED Controller WatchKit App";
			sourceTree = "<group>";
		};
		2CC543F524CFE312007F2E39 /* LED Controller WatchKit Extension */ = {
			isa = PBXGroup;
			children = (
				2CC543F624CFE312007F2E39 /* InterfaceController.swift */,
				2CC543F824CFE312007F2E39 /* ExtensionDelegate.swift */,
				2CC543FA24CFE312007F2E39 /* NotificationController.swift */,
				2CC543FC24CFE313007F2E39 /* Assets.xcassets */,
				2CC543FE24CFE313007F2E39 /* Info.plist */,
				2CC543FF24CFE313007F2E39 /* PushNotificationPayload.apns */,
			);
			path = "LED Controller WatchKit Extension";
			sourceTree = "<group>";
		};
/* End PBXGroup section */

/* Begin PBXNativeTarget section */
		2CC543DD24CFE30F007F2E39 /* LED Controller */ = {
			isa = PBXNativeTarget;
			buildConfigurationList = 2CC5440A24CFE313007F2E39 /* Build configuration list for PBXNativeTarget "LED Controller" */;
			buildPhases = (
				2CC543DC24CFE30F007F2E39 /* Resources */,
				2CC5440924CFE313007F2E39 /* Embed Watch Content */,
			);
			buildRules = (
			);
			dependencies = (
				2CC543E524CFE30F007F2E39 /* PBXTargetDependency */,
			);
			name = "LED Controller";
			productName = "LED Controller";
			productReference = 2CC543DE24CFE30F007F2E39 /* LED Controller.app */;
			productType = "com.apple.product-type.application.watchapp2-container";
		};
		2CC543E124CFE30F007F2E39 /* LED Controller WatchKit App */ = {
			isa = PBXNativeTarget;
			buildConfigurationList = 2CC5440624CFE313007F2E39 /* Build configuration list for PBXNativeTarget "LED Controller WatchKit App" */;
			buildPhases = (
				2CC543E024CFE30F007F2E39 /* Resources */,
				2CC5440524CFE313007F2E39 /* Embed App Extensions */,
			);
			buildRules = (
			);
			dependencies = (
				2CC543F424CFE312007F2E39 /* PBXTargetDependency */,
			);
			name = "LED Controller WatchKit App";
			productName = "LED Controller WatchKit App";
			productReference = 2CC543E224CFE30F007F2E39 /* LED Controller WatchKit App.app */;
			productType = "com.apple.product-type.application.watchapp2";
		};
		2CC543F024CFE312007F2E39 /* LED Controller WatchKit Extension */ = {
			isa = PBXNativeTarget;
			buildConfigurationList = 2CC5440224CFE313007F2E39 /* Build configuration list for PBXNativeTarget "LED Controller WatchKit Extension" */;
			buildPhases = (
				2CC543ED24CFE312007F2E39 /* Sources */,
				2CC543EE24CFE312007F2E39 /* Frameworks */,
				2CC543EF24CFE312007F2E39 /* Resources */,
			);
			buildRules = (
			);
			dependencies = (
			);
			name = "LED Controller WatchKit Extension";
			productName = "LED Controller WatchKit Extension";
			productReference = 2CC543F124CFE312007F2E39 /* LED Controller WatchKit Extension.appex */;
			productType = "com.apple.product-type.watchkit2-extension";
		};
/* End PBXNativeTarget section */

/* Begin PBXProject section */
		2CC543D824CFE30F007F2E39 /* Project object */ = {
			isa = PBXProject;
			attributes = {
				LastSwiftUpdateCheck = 1130;
				LastUpgradeCheck = 1130;
				ORGANIZATIONNAME = "Sriram Alagappan";
				TargetAttributes = {
					2CC543DD24CFE30F007F2E39 = {
						CreatedOnToolsVersion = 11.3.1;
					};
					2CC543E124CFE30F007F2E39 = {
						CreatedOnToolsVersion = 11.3.1;
					};
					2CC543F024CFE312007F2E39 = {
						CreatedOnToolsVersion = 11.3.1;
					};
				};
			};
			buildConfigurationList = 2CC543DB24CFE30F007F2E39 /* Build configuration list for PBXProject "LED Controller" */;
			compatibilityVersion = "Xcode 9.3";
			developmentRegion = en;
			hasScannedForEncodings = 0;
			knownRegions = (
				en,
				Base,
			);
			mainGroup = 2CC543D724CFE30F007F2E39;
			productRefGroup = 2CC543DF24CFE30F007F2E39 /* Products */;
			projectDirPath = "";
			projectRoot = "";
			targets = (
				2CC543DD24CFE30F007F2E39 /* LED Controller */,
				2CC543E124CFE30F007F2E39 /* LED Controller WatchKit App */,
				2CC543F024CFE312007F2E39 /* LED Controller WatchKit Extension */,
			);
		};
/* End PBXProject section */

/* Begin PBXResourcesBuildPhase section */
		2CC543DC24CFE30F007F2E39 /* Resources */ = {
			isa = PBXResourcesBuildPhase;
			buildActionMask = 2147483647;
			files = (
			);
			runOnlyForDeploymentPostprocessing = 0;
		};
		2CC543E024CFE30F007F2E39 /* Resources */ = {
			isa = PBXResourcesBuildPhase;
			buildActionMask = 2147483647;
			files = (
				2CC543EB24CFE312007F2E39 /* Assets.xcassets in Resources */,
				2CC543E924CFE30F007F2E39 /* Interface.storyboard in Resources */,
			);
			runOnlyForDeploymentPostprocessing = 0;
		};
		2CC543EF24CFE312007F2E39 /* Resources */ = {
			isa = PBXResourcesBuildPhase;
			buildActionMask = 2147483647;
			files = (
				2CC543FD24CFE313007F2E39 /* Assets.xcassets in Resources */,
			);
			runOnlyForDeploymentPostprocessing = 0;
		};
/* End PBXResourcesBuildPhase section */

/* Begin PBXSourcesBuildPhase section */
		2CC543ED24CFE312007F2E39 /* Sources */ = {
			isa = PBXSourcesBuildPhase;
			buildActionMask = 2147483647;
			files = (
				2CC543FB24CFE312007F2E39 /* NotificationController.swift in Sources */,
				2CC543F924CFE312007F2E39 /* ExtensionDelegate.swift in Sources */,
				2CC543F724CFE312007F2E39 /* InterfaceController.swift in Sources */,
			);
			runOnlyForDeploymentPostprocessing = 0;
		};
/* End PBXSourcesBuildPhase section */

/* Begin PBXTargetDependency section */
		2CC543E524CFE30F007F2E39 /* PBXTargetDependency */ = {
			isa = PBXTargetDependency;
			target = 2CC543E124CFE30F007F2E39 /* LED Controller WatchKit App */;
			targetProxy = 2CC543E424CFE30F007F2E39 /* PBXContainerItemProxy */;
		};
		2CC543F424CFE312007F2E39 /* PBXTargetDependency */ = {
			isa = PBXTargetDependency;
			target = 2CC543F024CFE312007F2E39 /* LED Controller WatchKit Extension */;
			targetProxy = 2CC543F324CFE312007F2E39 /* PBXContainerItemProxy */;
		};
/* End PBXTargetDependency section */

/* Begin PBXVariantGroup section */
		2CC543E724CFE30F007F2E39 /* Interface.storyboard */ = {
			isa = PBXVariantGroup;
			children = (
				2CC543E824CFE30F007F2E39 /* Base */,
			);
			name = Interface.storyboard;
			sourceTree = "<group>";
		};
/* End PBXVariantGroup section */

/* Begin XCBuildConfiguration section */
		2CC5440024CFE313007F2E39 /* Debug */ = {
			isa = XCBuildConfiguration;
			buildSettings = {
				ALWAYS_SEARCH_USER_PATHS = NO;
				CLANG_ANALYZER_NONNULL = YES;
				CLANG_ANALYZER_NUMBER_OBJECT_CONVERSION = YES_AGGRESSIVE;
				CLANG_CXX_LANGUAGE_STANDARD = "gnu++14";
				CLANG_CXX_LIBRARY = "libc++";
				CLANG_ENABLE_MODULES = YES;
				CLANG_ENABLE_OBJC_ARC = YES;
				CLANG_ENABLE_OBJC_WEAK = YES;
				CLANG_WARN_BLOCK_CAPTURE_AUTORELEASING = YES;
				CLANG_WARN_BOOL_CONVERSION = YES;
				CLANG_WARN_COMMA = YES;
				CLANG_WARN_CONSTANT_CONVERSION = YES;
				CLANG_WARN_DEPRECATED_OBJC_IMPLEMENTATIONS = YES;
				CLANG_WARN_DIRECT_OBJC_ISA_USAGE = YES_ERROR;
				CLANG_WARN_DOCUMENTATION_COMMENTS = YES;
				CLANG_WARN_EMPTY_BODY = YES;
				CLANG_WARN_ENUM_CONVERSION = YES;
				CLANG_WARN_INFINITE_RECURSION = YES;
				CLANG_WARN_INT_CONVERSION = YES;
				CLANG_WARN_NON_LITERAL_NULL_CONVERSION = YES;
				CLANG_WARN_OBJC_IMPLICIT_RETAIN_SELF = YES;
				CLANG_WARN_OBJC_LITERAL_CONVERSION = YES;
				CLANG_WARN_OBJC_ROOT_CLASS = YES_ERROR;
				CLANG_WARN_RANGE_LOOP_ANALYSIS = YES;
				CLANG_WARN_STRICT_PROTOTYPES = YES;
				CLANG_WARN_SUSPICIOUS_MOVE = YES;
				CLANG_WARN_UNGUARDED_AVAILABILITY = YES_AGGRESSIVE;
				CLANG_WARN_UNREACHABLE_CODE = YES;
				CLANG_WARN__DUPLICATE_METHOD_MATCH = YES;
				COPY_PHASE_STRIP = NO;
				DEBUG_INFORMATION_FORMAT = dwarf;
				ENABLE_STRICT_OBJC_MSGSEND = YES;
				ENABLE_TESTABILITY = YES;
				GCC_C_LANGUAGE_STANDARD = gnu11;
				GCC_DYNAMIC_NO_PIC = NO;
				GCC_NO_COMMON_BLOCKS = YES;
				GCC_OPTIMIZATION_LEVEL = 0;
				GCC_PREPROCESSOR_DEFINITIONS = (
					"DEBUG=1",
					"$(inherited)",
				);
				GCC_WARN_64_TO_32_BIT_CONVERSION = YES;
				GCC_WARN_ABOUT_RETURN_TYPE = YES_ERROR;
				GCC_WARN_UNDECLARED_SELECTOR = YES;
				GCC_WARN_UNINITIALIZED_AUTOS = YES_AGGRESSIVE;
				GCC_WARN_UNUSED_FUNCTION = YES;
				GCC_WARN_UNUSED_VARIABLE = YES;
				MTL_ENABLE_DEBUG_INFO = INCLUDE_SOURCE;
				MTL_FAST_MATH = YES;
				ONLY_ACTIVE_ARCH = YES;
				SDKROOT = iphoneos;
				SWIFT_ACTIVE_COMPILATION_CONDITIONS = DEBUG;
				SWIFT_OPTIMIZATION_LEVEL = "-Onone";
			};
			name = Debug;
		};
		2CC5440124CFE313007F2E39 /* Release */ = {
			isa = XCBuildConfiguration;
			buildSettings = {
				ALWAYS_SEARCH_USER_PATHS = NO;
				CLANG_ANALYZER_NONNULL = YES;
				CLANG_ANALYZER_NUMBER_OBJECT_CONVERSION = YES_AGGRESSIVE;
				CLANG_CXX_LANGUAGE_STANDARD = "gnu++14";
				CLANG_CXX_LIBRARY = "libc++";
				CLANG_ENABLE_MODULES = YES;
				CLANG_ENABLE_OBJC_ARC = YES;
				CLANG_ENABLE_OBJC_WEAK = YES;
				CLANG_WARN_BLOCK_CAPTURE_AUTORELEASING = YES;
				CLANG_WARN_BOOL_CONVERSION = YES;
				CLANG_WARN_COMMA = YES;
				CLANG_WARN_CONSTANT_CONVERSION = YES;
				CLANG_WARN_DEPRECATED_OBJC_IMPLEMENTATIONS = YES;
				CLANG_WARN_DIRECT_OBJC_ISA_USAGE = YES_ERROR;
				CLANG_WARN_DOCUMENTATION_COMMENTS = YES;
				CLANG_WARN_EMPTY_BODY = YES;
				CLANG_WARN_ENUM_CONVERSION = YES;
				CLANG_WARN_INFINITE_RECURSION = YES;
				CLANG_WARN_INT_CONVERSION = YES;
				CLANG_WARN_NON_LITERAL_NULL_CONVERSION = YES;
				CLANG_WARN_OBJC_IMPLICIT_RETAIN_SELF = YES;
				CLANG_WARN_OBJC_LITERAL_CONVERSION = YES;
				CLANG_WARN_OBJC_ROOT_CLASS = YES_ERROR;
				CLANG_WARN_RANGE_LOOP_ANALYSIS = YES;
				CLANG_WARN_STRICT_PROTOTYPES = YES;
				CLANG_WARN_SUSPICIOUS_MOVE = YES;
				CLANG_WARN_UNGUARDED_AVAILABILITY = YES_AGGRESSIVE;
				CLANG_WARN_UNREACHABLE_CODE = YES;
				CLANG_WARN__DUPLICATE_METHOD_MATCH = YES;
				COPY_PHASE_STRIP = NO;
				DEBUG_INFORMATION_FORMAT = "dwarf-with-dsym";
				ENABLE_NS_ASSERTIONS = NO;
				ENABLE_STRICT_OBJC_MSGSEND = YES;
				GCC_C_LANGUAGE_STANDARD = gnu11;
				GCC_NO_COMMON_BLOCKS = YES;
				GCC_WARN_64_TO_32_BIT_CONVERSION = YES;
				GCC_WARN_ABOUT_RETURN_TYPE = YES_ERROR;
				GCC_WARN_UNDECLARED_SELECTOR = YES;
				GCC_WARN_UNINITIALIZED_AUTOS = YES_AGGRESSIVE;
				GCC_WARN_UNUSED_FUNCTION = YES;
				GCC_WARN_UNUSED_VARIABLE = YES;
				MTL_ENABLE_DEBUG_INFO = NO;
				MTL_FAST_MATH = YES;
				SDKROOT = iphoneos;
				SWIFT_COMPILATION_MODE = wholemodule;
				SWIFT_OPTIMIZATION_LEVEL = "-O";
				VALIDATE_PRODUCT = YES;
			};
			name = Release;
		};
		2CC5440324CFE313007F2E39 /* Debug */ = {
			isa = XCBuildConfiguration;
			buildSettings = {
				ASSETCATALOG_COMPILER_COMPLICATION_NAME = Complication;
				CODE_SIGN_STYLE = Automatic;
				INFOPLIST_FILE = "LED Controller WatchKit Extension/Info.plist";
				LD_RUNPATH_SEARCH_PATHS = (
					"$(inherited)",
					"@executable_path/Frameworks",
					"@executable_path/../../Frameworks",
				);
				PRODUCT_BUNDLE_IDENTIFIER = "sriramalagappan.LED-Controller.watchkitapp.watchkitextension";
				PRODUCT_NAME = "${TARGET_NAME}";
				SDKROOT = watchos;
				SKIP_INSTALL = YES;
				SWIFT_VERSION = 5.0;
				TARGETED_DEVICE_FAMILY = 4;
				WATCHOS_DEPLOYMENT_TARGET = 6.1;
			};
			name = Debug;
		};
		2CC5440424CFE313007F2E39 /* Release */ = {
			isa = XCBuildConfiguration;
			buildSettings = {
				ASSETCATALOG_COMPILER_COMPLICATION_NAME = Complication;
				CODE_SIGN_STYLE = Automatic;
				INFOPLIST_FILE = "LED Controller WatchKit Extension/Info.plist";
				LD_RUNPATH_SEARCH_PATHS = (
					"$(inherited)",
					"@executable_path/Frameworks",
					"@executable_path/../../Frameworks",
				);
				PRODUCT_BUNDLE_IDENTIFIER = "sriramalagappan.LED-Controller.watchkitapp.watchkitextension";
				PRODUCT_NAME = "${TARGET_NAME}";
				SDKROOT = watchos;
				SKIP_INSTALL = YES;
				SWIFT_VERSION = 5.0;
				TARGETED_DEVICE_FAMILY = 4;
				WATCHOS_DEPLOYMENT_TARGET = 6.1;
			};
			name = Release;
		};
		2CC5440724CFE313007F2E39 /* Debug */ = {
			isa = XCBuildConfiguration;
			buildSettings = {
				ALWAYS_EMBED_SWIFT_STANDARD_LIBRARIES = YES;
				ASSETCATALOG_COMPILER_APPICON_NAME = AppIcon;
				CODE_SIGN_STYLE = Automatic;
				IBSC_MODULE = LED_Controller_WatchKit_Extension;
				INFOPLIST_FILE = "LED Controller WatchKit App/Info.plist";
				PRODUCT_BUNDLE_IDENTIFIER = "sriramalagappan.LED-Controller.watchkitapp";
				PRODUCT_NAME = "$(TARGET_NAME)";
				SDKROOT = watchos;
				SKIP_INSTALL = YES;
				SWIFT_VERSION = 5.0;
				TARGETED_DEVICE_FAMILY = 4;
				WATCHOS_DEPLOYMENT_TARGET = 6.1;
			};
			name = Debug;
		};
		2CC5440824CFE313007F2E39 /* Release */ = {
			isa = XCBuildConfiguration;
			buildSettings = {
				ALWAYS_EMBED_SWIFT_STANDARD_LIBRARIES = YES;
				ASSETCATALOG_COMPILER_APPICON_NAME = AppIcon;
				CODE_SIGN_STYLE = Automatic;
				IBSC_MODULE = LED_Controller_WatchKit_Extension;
				INFOPLIST_FILE = "LED Controller WatchKit App/Info.plist";
				PRODUCT_BUNDLE_IDENTIFIER = "sriramalagappan.LED-Controller.watchkitapp";
				PRODUCT_NAME = "$(TARGET_NAME)";
				SDKROOT = watchos;
				SKIP_INSTALL = YES;
				SWIFT_VERSION = 5.0;
				TARGETED_DEVICE_FAMILY = 4;
				WATCHOS_DEPLOYMENT_TARGET = 6.1;
			};
			name = Release;
		};
		2CC5440B24CFE313007F2E39 /* Debug */ = {
			isa = XCBuildConfiguration;
			buildSettings = {
				CODE_SIGN_STYLE = Automatic;
				CURRENT_PROJECT_VERSION = 1;
				MARKETING_VERSION = 1.0;
				PRODUCT_BUNDLE_IDENTIFIER = "sriramalagappan.LED-Controller";
				PRODUCT_NAME = "$(TARGET_NAME)";
				SWIFT_VERSION = 5.0;
			};
			name = Debug;
		};
		2CC5440C24CFE313007F2E39 /* Release */ = {
			isa = XCBuildConfiguration;
			buildSettings = {
				CODE_SIGN_STYLE = Automatic;
				CURRENT_PROJECT_VERSION = 1;
				MARKETING_VERSION = 1.0;
				PRODUCT_BUNDLE_IDENTIFIER = "sriramalagappan.LED-Controller";
				PRODUCT_NAME = "$(TARGET_NAME)";
				SWIFT_VERSION = 5.0;
			};
			name = Release;
		};
/* End XCBuildConfiguration section */

/* Begin XCConfigurationList section */
		2CC543DB24CFE30F007F2E39 /* Build configuration list for PBXProject "LED Controller" */ = {
			isa = XCConfigurationList;
			buildConfigurations = (
				2CC5440024CFE313007F2E39 /* Debug */,
				2CC5440124CFE313007F2E39 /* Release */,
			);
			defaultConfigurationIsVisible = 0;
			defaultConfigurationName = Release;
		};
		2CC5440224CFE313007F2E39 /* Build configuration list for PBXNativeTarget "LED Controller WatchKit Extension" */ = {
			isa = XCConfigurationList;
			buildConfigurations = (
				2CC5440324CFE313007F2E39 /* Debug */,
				2CC5440424CFE313007F2E39 /* Release */,
			);
			defaultConfigurationIsVisible = 0;
			defaultConfigurationName = Release;
		};
		2CC5440624CFE313007F2E39 /* Build configuration list for PBXNativeTarget "LED Controller WatchKit App" */ = {
			isa = XCConfigurationList;
			buildConfigurations = (
				2CC5440724CFE313007F2E39 /* Debug */,
				2CC5440824CFE313007F2E39 /* Release */,
			);
			defaultConfigurationIsVisible = 0;
			defaultConfigurationName = Release;
		};
		2CC5440A24CFE313007F2E39 /* Build configuration list for PBXNativeTarget "LED Controller" */ = {
			isa = XCConfigurationList;
			buildConfigurations = (
				2CC5440B24CFE313007F2E39 /* Debug */,
				2CC5440C24CFE313007F2E39 /* Release */,
			);
			defaultConfigurationIsVisible = 0;
			defaultConfigurationName = Release;
		};
/* End XCConfigurationList section */
	};
	rootObject = 2CC543D824CFE30F007F2E39 /* Project object */;
}
